PODS:
  - battery_plus (1.0.0):
    - Flutter
  - Flutter (1.0.0)
  - flutter_foreground_task (0.0.1):
    - Flutter
  - flutter_secure_storage (6.0.0):
    - Flutter
  - geocoding_ios (1.0.5):
    - Flutter
  - geolocator_apple (1.2.0):
    - Flutter
    - FlutterMacOS
  - mapbox_maps_flutter (2.17.0):
    - Flutter
    - MapboxMaps (= 11.17.0)
    - Turf (= 4.0.0)
  - MapboxCommon (24.17.0):
    - Turf (= 4.0.0)
  - MapboxCoreMaps (11.17.0):
    - MapboxCommon (= 24.17.0)
  - MapboxMaps (11.17.0):
    - MapboxCommon (= 24.17.0)
    - MapboxCoreMaps (= 11.17.0)
    - Turf (= 4.0.0)
  - package_info_plus (0.4.5):
    - Flutter
  - path_provider_foundation (0.0.1):
    - Flutter
    - FlutterMacOS
  - share_plus (0.0.1):
    - Flutter
  - shared_preferences_foundation (0.0.1):
    - Flutter
    - FlutterMacOS
  - sqflite_darwin (0.0.4):
    - Flutter
    - FlutterMacOS
  - Turf (4.0.0)
  - url_launcher_ios (0.0.1):
    - Flutter
  - workmanager_apple (0.0.1):
    - Flutter

DEPENDENCIES:
  - battery_plus (from `.symlinks/plugins/battery_plus/ios`)
  - Flutter (from `Flutter`)
  - flutter_foreground_task (from `.symlinks/plugins/flutter_foreground_task/ios`)
  - flutter_secure_storage (from `.symlinks/plugins/flutter_secure_storage/ios`)
  - geocoding_ios (from `.symlinks/plugins/geocoding_ios/ios`)
  - geolocator_apple (from `.symlinks/plugins/geolocator_apple/darwin`)
  - mapbox_maps_flutter (from `.symlinks/plugins/mapbox_maps_flutter/ios`)
  - package_info_plus (from `.symlinks/plugins/package_info_plus/ios`)
  - path_provider_foundation (from `.symlinks/plugins/path_provider_foundation/darwin`)
  - share_plus (from `.symlinks/plugins/share_plus/ios`)
  - shared_preferences_foundation (from `.symlinks/plugins/shared_preferences_foundation/darwin`)
  - sqflite_darwin (from `.symlinks/plugins/sqflite_darwin/darwin`)
  - url_launcher_ios (from `.symlinks/plugins/url_launcher_ios/ios`)
  - workmanager_apple (from `.symlinks/plugins/workmanager_apple/ios`)

SPEC REPOS:
  trunk:
    - MapboxCommon
    - MapboxCoreMaps
    - MapboxMaps
    - Turf

EXTERNAL SOURCES:
  battery_plus:
    :path: ".symlinks/plugins/battery_plus/ios"
  Flutter:
    :path: Flutter
  flutter_foreground_task:
    :path: ".symlinks/plugins/flutter_foreground_task/ios"
  flutter_secure_storage:
    :path: ".symlinks/plugins/flutter_secure_storage/ios"
  geocoding_ios:
    :path: ".symlinks/plugins/geocoding_ios/ios"
  geolocator_apple:
    :path: ".symlinks/plugins/geolocator_apple/darwin"
  mapbox_maps_flutter:
    :path: ".symlinks/plugins/mapbox_maps_flutter/ios"
  package_info_plus:
    :path: ".symlinks/plugins/package_info_plus/ios"
  path_provider_foundation:
    :path: ".symlinks/plugins/path_provider_foundation/darwin"
  share_plus:
    :path: ".symlinks/plugins/share_plus/ios"
  shared_preferences_foundation:
    :path: ".symlinks/plugins/shared_preferences_foundation/darwin"
  sqflite_darwin:
    :path: ".symlinks/plugins/sqflite_darwin/darwin"
  url_launcher_ios:
    :path: ".symlinks/plugins/url_launcher_ios/ios"
  workmanager_apple:
    :path: ".symlinks/plugins/workmanager_apple/ios"

SPEC CHECKSUMS:
  battery_plus: b42253f6d2dde71712f8c36fef456d99121c5977
  Flutter: cabc95a1d2626b1b06e7179b784ebcf0c0cde467
  flutter_foreground_task: a159d2c2173b33699ddb3e6c2a067045d7cebb89
  flutter_secure_storage: 1ed9476fba7e7a782b22888f956cce43e2c62f13
  geocoding_ios: 33776c9ebb98d037b5e025bb0e7537f6dd19646e
  geolocator_apple: ab36aa0e8b7d7a2d7639b3b4e48308394e8cef5e
  mapbox_maps_flutter: a1dfc0a0825a5ded612bea16fc1eecc9c47cbaf8
  MapboxCommon: 5cc0e77733478a7b2a3a28af7c38adc8485e07d8
  MapboxCoreMaps: b7b7703cd8af3ae9088f42c6d23b591947a1eb1f
  MapboxMaps: 10b01217e5634aa7b6fc1fb10d036598d9240ba6
  package_info_plus: af8e2ca6888548050f16fa2f1938db7b5a5df499
  path_provider_foundation: bb55f6dbba17d0dccd6737fe6f7f34fbd0376880
  share_plus: 50da8cb520a8f0f65671c6c6a99b3617ed10a58a
  shared_preferences_foundation: 7036424c3d8ec98dfe75ff1667cb0cd531ec82bb
  sqflite_darwin: 20b2a3a3b70e43edae938624ce550a3cbf66a3d0
  Turf: c9eb11a65d96af58cac523460fd40fec5061b081
  url_launcher_ios: 7a95fa5b60cc718a708b8f2966718e93db0cef1b
  workmanager_apple: 904529ae31e97fc5be632cf628507652294a0778

PODFILE CHECKSUM: 386cda886a24acb856aff110ea2675563d22c92a

COCOAPODS: 1.16.2
